
Microsoft Visual Studio Solution File, Format Version 12.00
# Visual Studio 15
VisualStudioVersion = 15.0.27130.2027
MinimumVisualStudioVersion = 10.0.40219.1
Project("{FAE04EC0-301F-11D3-BF4B-00C04F79EFBC}") = "Gurbai_Bogdan_Bomberman", "Gurbai_Bogdan_Bomberman\Gurbai_Bogdan_Bomberman.csproj", "{3D4F43E1-04E5-442E-BBE9-2DE13FA19E15}"
EndProject
Global
	GlobalSection(SolutionConfigurationPlatforms) = preSolution
		Debug|Any CPU = Debug|Any CPU
		Release|Any CPU = Release|Any CPU
	EndGlobalSection
	GlobalSection(ProjectConfigurationPlatforms) = postSolution
		{3D4F43E1-04E5-442E-BBE9-2DE13FA19E15}.Debug|Any CPU.ActiveCfg = Debug|Any CPU
		{3D4F43E1-04E5-442E-BBE9-2DE13FA19E15}.Debug|Any CPU.Build.0 = Debug|Any CPU
		{3D4F43E1-04E5-442E-BBE9-2DE13FA19E15}.Release|Any CPU.ActiveCfg = Release|Any CPU
		{3D4F43E1-04E5-442E-BBE9-2DE13FA19E15}.Release|Any CPU.Build.0 = Release|Any CPU
	EndGlobalSection
	GlobalSection(SolutionProperties) = preSolution
		HideSolutionNode = FALSE
	EndGlobalSection
	GlobalSection(ExtensibilityGlobals) = postSolution
		SolutionGuid = {0A510C83-879E-4288-B013-7D8C55021487}
	EndGlobalSection
EndGlobal
